{
  "name": "s3-read-file-stream",
  "version": "0.0.1",
  "lockfileVersion": 1,
  "requires": true,
  "dependencies": {
    "ansi-escape-sequences": {
      "version": "4.0.0",
      "resolved": "https://registry.npmjs.org/ansi-escape-sequences/-/ansi-escape-sequences-4.0.0.tgz",
      "integrity": "sha512-v+0wW9Wezwsyb0uF4aBVCjmSqit3Ru7PZFziGF0o2KwTvN2zWfTi3BRLq9EkJFdg3eBbyERXGTntVpBxH1J68Q==",
      "requires": {
        "array-back": "^2.0.0"
      }
    },
    "ansi-regex": {
      "version": "3.0.0",
      "resolved": "https://registry.npmjs.org/ansi-regex/-/ansi-regex-3.0.0.tgz",
      "integrity": "sha1-7QMXwyIGT3lGbAKWa922Bas32Zg="
    },
    "array-back": {
      "version": "2.0.0",
      "resolved": "https://registry.npmjs.org/array-back/-/array-back-2.0.0.tgz",
      "integrity": "sha512-eJv4pLLufP3g5kcZry0j6WXpIbzYw9GUB4mVJZno9wfwiBxbizTnHCw3VJb07cBihbFX48Y7oSrW9y+gt4glyw==",
      "requires": {
        "typical": "^2.6.1"
      }
    },
    "aws-sdk": {
      "version": "2.345.0",
      "resolved": "https://registry.npmjs.org/aws-sdk/-/aws-sdk-2.345.0.tgz",
      "integrity": "sha512-t5/8nmu7m+jQUq//ssP/dWKFX0sDEYlxvTnFUJhtRmr7UNzssHgw4bYkK/poMpmpM8otgw80l2M3bAdNrOlMYw==",
      "requires": {
        "buffer": "4.9.1",
        "events": "1.1.1",
        "ieee754": "1.1.8",
        "jmespath": "0.15.0",
        "querystring": "0.2.0",
        "sax": "1.2.1",
        "url": "0.10.3",
        "uuid": "3.1.0",
        "xml2js": "0.4.19"
      }
    },
    "base64-js": {
      "version": "1.3.0",
      "resolved": "https://registry.npmjs.org/base64-js/-/base64-js-1.3.0.tgz",
      "integrity": "sha512-ccav/yGvoa80BQDljCxsmmQ3Xvx60/UpBIij5QN21W3wBi/hhIC9OoO+KLpu9IJTS9j4DRVJ3aDDF9cMSoa2lw=="
    },
    "buffer": {
      "version": "4.9.1",
      "resolved": "http://registry.npmjs.org/buffer/-/buffer-4.9.1.tgz",
      "integrity": "sha1-bRu2AbB6TvztlwlBMgkwJ8lbwpg=",
      "requires": {
        "base64-js": "^1.0.2",
        "ieee754": "^1.1.4",
        "isarray": "^1.0.0"
      }
    },
    "camelcase": {
      "version": "4.1.0",
      "resolved": "https://registry.npmjs.org/camelcase/-/camelcase-4.1.0.tgz",
      "integrity": "sha1-1UVjW+HjPFQmScaRc+Xeas+uNN0="
    },
    "cliss": {
      "version": "0.0.7",
      "resolved": "https://registry.npmjs.org/cliss/-/cliss-0.0.7.tgz",
      "integrity": "sha512-Wbh4uM9KVZO7qTG4uvsYLqIssJ7d34JyLDVcIh2zQ9Fak3NijzzyuF+V7rBGf95fGrk5/XO766smV9wZvEtHVw==",
      "requires": {
        "command-line-usage": "^4.0.1",
        "deepmerge": "^2.0.0",
        "get-stdin": "^5.0.1",
        "inspect-parameters-declaration": "^0.1.0",
        "object-to-arguments": "^0.1.0",
        "pipe-functions": "^1.3.0",
        "strip-ansi": "^4.0.0",
        "yargs-parser": "^7.0.0"
      }
    },
    "command-line-usage": {
      "version": "4.1.0",
      "resolved": "https://registry.npmjs.org/command-line-usage/-/command-line-usage-4.1.0.tgz",
      "integrity": "sha512-MxS8Ad995KpdAC0Jopo/ovGIroV/m0KHwzKfXxKag6FHOkGsH8/lv5yjgablcRxCJJC0oJeUMuO/gmaq+Wq46g==",
      "requires": {
        "ansi-escape-sequences": "^4.0.0",
        "array-back": "^2.0.0",
        "table-layout": "^0.4.2",
        "typical": "^2.6.1"
      }
    },
    "commander": {
      "version": "2.19.0",
      "resolved": "https://registry.npmjs.org/commander/-/commander-2.19.0.tgz",
      "integrity": "sha512-6tvAOO+D6OENvRAh524Dh9jcfKTYDQAqvqezbCW82xj5X0pSrcpxtvRKHLG0yBY6SD7PSDrJaj+0AiOcKVd1Xg=="
    },
    "deep-extend": {
      "version": "0.6.0",
      "resolved": "https://registry.npmjs.org/deep-extend/-/deep-extend-0.6.0.tgz",
      "integrity": "sha512-LOHxIOaPYdHlJRtCQfDIVZtfw/ufM8+rVj649RIHzcm/vGwQRXFt6OPqIFWsm2XEMrNIEtWR64sY1LEKD2vAOA=="
    },
    "deepmerge": {
      "version": "2.2.1",
      "resolved": "https://registry.npmjs.org/deepmerge/-/deepmerge-2.2.1.tgz",
      "integrity": "sha512-R9hc1Xa/NOBi9WRVUWg19rl1UB7Tt4kuPd+thNJgFZoxXsTz7ncaPaeIm+40oSGuP33DfMb4sZt1QIGiJzC4EA=="
    },
    "events": {
      "version": "1.1.1",
      "resolved": "http://registry.npmjs.org/events/-/events-1.1.1.tgz",
      "integrity": "sha1-nr23Y1rQmccNzEwqH1AEKI6L2SQ="
    },
    "find-up": {
      "version": "2.1.0",
      "resolved": "https://registry.npmjs.org/find-up/-/find-up-2.1.0.tgz",
      "integrity": "sha1-RdG35QbHF93UgndaK3eSCjwMV6c=",
      "requires": {
        "locate-path": "^2.0.0"
      }
    },
    "for-each-property": {
      "version": "0.0.4",
      "resolved": "https://registry.npmjs.org/for-each-property/-/for-each-property-0.0.4.tgz",
      "integrity": "sha1-z6hXrsFCLh0Sb/CHhPz2Jim8g/Y=",
      "requires": {
        "get-prototype-chain": "^1.0.1"
      }
    },
    "for-each-property-deep": {
      "version": "0.0.3",
      "resolved": "https://registry.npmjs.org/for-each-property-deep/-/for-each-property-deep-0.0.3.tgz",
      "integrity": "sha1-MTCaSvw4qcygbxsiP1PWSm0IP60=",
      "requires": {
        "for-each-property": "0.0.4"
      }
    },
    "get-prototype-chain": {
      "version": "1.0.1",
      "resolved": "https://registry.npmjs.org/get-prototype-chain/-/get-prototype-chain-1.0.1.tgz",
      "integrity": "sha1-oXGhFeoeSQbG7ThDofABwYUQQW8="
    },
    "get-stdin": {
      "version": "5.0.1",
      "resolved": "https://registry.npmjs.org/get-stdin/-/get-stdin-5.0.1.tgz",
      "integrity": "sha1-Ei4WFZHiH/TFJTAwVpPyDmOTo5g="
    },
    "ieee754": {
      "version": "1.1.8",
      "resolved": "https://registry.npmjs.org/ieee754/-/ieee754-1.1.8.tgz",
      "integrity": "sha1-vjPUCsEO8ZJnAfbwii2G+/0a0+Q="
    },
    "inspect-function": {
      "version": "0.2.2",
      "resolved": "https://registry.npmjs.org/inspect-function/-/inspect-function-0.2.2.tgz",
      "integrity": "sha1-hdoMUli8TDMK4yg7Z0fgdZ2QpjU=",
      "requires": {
        "split-skip": "0.0.1",
        "unpack-string": "0.0.2"
      },
      "dependencies": {
        "split-skip": {
          "version": "0.0.1",
          "resolved": "https://registry.npmjs.org/split-skip/-/split-skip-0.0.1.tgz",
          "integrity": "sha1-gK2ONumOV2RUzDtmfB3SXYZejwA="
        }
      }
    },
    "inspect-parameters-declaration": {
      "version": "0.1.0",
      "resolved": "https://registry.npmjs.org/inspect-parameters-declaration/-/inspect-parameters-declaration-0.1.0.tgz",
      "integrity": "sha512-06xVJBwmGsVwA/Nap6Yfb2PFP+qJWibVzGRvYtA9DiEJqhZNlSB2uEoDGBlGinSiOOGGldozT5fMZD0ZhVJB1w==",
      "requires": {
        "magicli": "0.0.8",
        "split-skip": "0.0.2",
        "stringify-parameters": "0.0.7",
        "unpack-string": "0.0.2"
      },
      "dependencies": {
        "cliss": {
          "version": "0.0.2",
          "resolved": "https://registry.npmjs.org/cliss/-/cliss-0.0.2.tgz",
          "integrity": "sha512-6rj9pgdukjT994Md13JCUAgTk91abAKrygL9sAvmHY4F6AKMOV8ccGaxhUUfcBuyg3sundWnn3JE0Mc9W6ZYqw==",
          "requires": {
            "command-line-usage": "^4.0.1",
            "deepmerge": "^2.0.0",
            "get-stdin": "^5.0.1",
            "object-to-arguments": "0.0.8",
            "pipe-functions": "^1.3.0",
            "strip-ansi": "^4.0.0",
            "yargs-parser": "^7.0.0"
          }
        },
        "inspect-parameters-declaration": {
          "version": "0.0.9",
          "resolved": "https://registry.npmjs.org/inspect-parameters-declaration/-/inspect-parameters-declaration-0.0.9.tgz",
          "integrity": "sha512-c3jrKKA1rwwrsjdGMAo2hFWV0vNe3/RKHxpE/OBt41LP3ynOVI1qmgxpZYK5SQu3jtWCyaho8L7AZzCjJ4mEUw==",
          "requires": {
            "magicli": "0.0.5",
            "split-skip": "0.0.2",
            "stringify-parameters": "0.0.4",
            "unpack-string": "0.0.2"
          },
          "dependencies": {
            "magicli": {
              "version": "0.0.5",
              "resolved": "https://registry.npmjs.org/magicli/-/magicli-0.0.5.tgz",
              "integrity": "sha1-zufQ+7THBRiqyxHsPrfiX/SaSSE=",
              "requires": {
                "commander": "^2.9.0",
                "get-stdin": "^5.0.1",
                "inspect-function": "^0.2.1",
                "pipe-functions": "^1.2.0"
              }
            },
            "stringify-parameters": {
              "version": "0.0.4",
              "resolved": "https://registry.npmjs.org/stringify-parameters/-/stringify-parameters-0.0.4.tgz",
              "integrity": "sha512-H3L90ERn5UPtkpO8eugnKcLgpIVlvTyUTrcLGm607AV5JDH6z0GymtNLr3gjGlP6I6NB/mxNX9QpY6jEQGLPdQ==",
              "requires": {
                "magicli": "0.0.5",
                "unpack-string": "0.0.2"
              }
            }
          }
        },
        "inspect-property": {
          "version": "0.0.6",
          "resolved": "https://registry.npmjs.org/inspect-property/-/inspect-property-0.0.6.tgz",
          "integrity": "sha512-LgjHkRl9W6bj2n+kWrAOgvCYPTYt+LanE4rtd/vKNq6yEb+SvVV7UTLzoSPpDX6/U1cAz7VfqPr+lPAIz7wHaQ==",
          "requires": {
            "for-each-property": "0.0.4",
            "for-each-property-deep": "0.0.3",
            "inspect-function": "^0.3.1"
          },
          "dependencies": {
            "inspect-function": {
              "version": "0.3.4",
              "resolved": "https://registry.npmjs.org/inspect-function/-/inspect-function-0.3.4.tgz",
              "integrity": "sha512-s0RsbJqK/sNZ+U1mykGoTickog3ea1A9Qk4mXniogOBu4PgkkZ56elScO7QC/r8D94lhGmJ2NyDI1ipOA/uq/g==",
              "requires": {
                "inspect-parameters-declaration": "0.0.8",
                "magicli": "0.0.8",
                "split-skip": "0.0.1",
                "stringify-parameters": "0.0.4",
                "unpack-string": "0.0.2"
              }
            },
            "inspect-parameters-declaration": {
              "version": "0.0.8",
              "resolved": "https://registry.npmjs.org/inspect-parameters-declaration/-/inspect-parameters-declaration-0.0.8.tgz",
              "integrity": "sha512-W4QzN1LgFmasKOM+NoLlDd2OAZM3enNZlVUOXoGQKmYBDFgxoPDOyebF55ALaf8avyM9TavNwibXxg347RrzCg==",
              "requires": {
                "magicli": "0.0.5",
                "split-skip": "0.0.2",
                "stringify-parameters": "0.0.4",
                "unpack-string": "0.0.2"
              },
              "dependencies": {
                "inspect-function": {
                  "version": "0.2.2",
                  "resolved": "https://registry.npmjs.org/inspect-function/-/inspect-function-0.2.2.tgz",
                  "integrity": "sha1-hdoMUli8TDMK4yg7Z0fgdZ2QpjU=",
                  "requires": {
                    "split-skip": "0.0.1",
                    "unpack-string": "0.0.2"
                  },
                  "dependencies": {
                    "split-skip": {
                      "version": "0.0.1",
                      "resolved": "https://registry.npmjs.org/split-skip/-/split-skip-0.0.1.tgz",
                      "integrity": "sha1-gK2ONumOV2RUzDtmfB3SXYZejwA="
                    }
                  }
                },
                "magicli": {
                  "version": "0.0.5",
                  "resolved": "https://registry.npmjs.org/magicli/-/magicli-0.0.5.tgz",
                  "integrity": "sha1-zufQ+7THBRiqyxHsPrfiX/SaSSE=",
                  "requires": {
                    "commander": "^2.9.0",
                    "get-stdin": "^5.0.1",
                    "inspect-function": "^0.2.1",
                    "pipe-functions": "^1.2.0"
                  }
                },
                "split-skip": {
                  "version": "0.0.2",
                  "resolved": "https://registry.npmjs.org/split-skip/-/split-skip-0.0.2.tgz",
                  "integrity": "sha1-2J2Iu9L3Pka1FYqjcKVhIk6A1GE="
                }
              }
            },
            "split-skip": {
              "version": "0.0.1",
              "resolved": "https://registry.npmjs.org/split-skip/-/split-skip-0.0.1.tgz",
              "integrity": "sha1-gK2ONumOV2RUzDtmfB3SXYZejwA="
            },
            "stringify-parameters": {
              "version": "0.0.4",
              "resolved": "https://registry.npmjs.org/stringify-parameters/-/stringify-parameters-0.0.4.tgz",
              "integrity": "sha512-H3L90ERn5UPtkpO8eugnKcLgpIVlvTyUTrcLGm607AV5JDH6z0GymtNLr3gjGlP6I6NB/mxNX9QpY6jEQGLPdQ==",
              "requires": {
                "magicli": "0.0.5",
                "unpack-string": "0.0.2"
              },
              "dependencies": {
                "inspect-function": {
                  "version": "0.2.2",
                  "resolved": "https://registry.npmjs.org/inspect-function/-/inspect-function-0.2.2.tgz",
                  "integrity": "sha1-hdoMUli8TDMK4yg7Z0fgdZ2QpjU=",
                  "requires": {
                    "split-skip": "0.0.1",
                    "unpack-string": "0.0.2"
                  }
                },
                "magicli": {
                  "version": "0.0.5",
                  "resolved": "https://registry.npmjs.org/magicli/-/magicli-0.0.5.tgz",
                  "integrity": "sha1-zufQ+7THBRiqyxHsPrfiX/SaSSE=",
                  "requires": {
                    "commander": "^2.9.0",
                    "get-stdin": "^5.0.1",
                    "inspect-function": "^0.2.1",
                    "pipe-functions": "^1.2.0"
                  }
                }
              }
            }
          }
        },
        "magicli": {
          "version": "0.0.8",
          "resolved": "https://registry.npmjs.org/magicli/-/magicli-0.0.8.tgz",
          "integrity": "sha512-x/eBenweAHF+DsYy172sK4doRxZl0yrJnfxhLJiN7H6hPM3Ya0PfI6uBZshZ3ScFFSQD7HXgBqMdbnXKEZsO1g==",
          "requires": {
            "cliss": "0.0.2",
            "find-up": "^2.1.0",
            "for-each-property": "0.0.4",
            "inspect-property": "0.0.6"
          }
        },
        "object-to-arguments": {
          "version": "0.0.8",
          "resolved": "https://registry.npmjs.org/object-to-arguments/-/object-to-arguments-0.0.8.tgz",
          "integrity": "sha512-BfWfuAwuhdH1bhMG5EG90WE/eckkBhBvnke8eSEkCDXoLE9Jk5JwYGTbCx1ehGwV48HvBkn62VukPBdlMUOY9w==",
          "requires": {
            "inspect-parameters-declaration": "0.0.10",
            "magicli": "0.0.5",
            "split-skip": "0.0.2",
            "stringify-parameters": "0.0.4",
            "unpack-string": "0.0.2"
          },
          "dependencies": {
            "inspect-parameters-declaration": {
              "version": "0.0.10",
              "resolved": "https://registry.npmjs.org/inspect-parameters-declaration/-/inspect-parameters-declaration-0.0.10.tgz",
              "integrity": "sha512-L8/Bvt9iDXQTZ63xY5/MAyvzz+FagR/qGh1kIXvUpsno3AAE0Z95d6QO51zrcMGaEGpwh/57idfMxTxbvRmytg==",
              "requires": {
                "magicli": "0.0.5",
                "split-skip": "0.0.2",
                "stringify-parameters": "0.0.4",
                "unpack-string": "0.0.2"
              }
            },
            "magicli": {
              "version": "0.0.5",
              "resolved": "https://registry.npmjs.org/magicli/-/magicli-0.0.5.tgz",
              "integrity": "sha1-zufQ+7THBRiqyxHsPrfiX/SaSSE=",
              "requires": {
                "commander": "^2.9.0",
                "get-stdin": "^5.0.1",
                "inspect-function": "^0.2.1",
                "pipe-functions": "^1.2.0"
              }
            },
            "stringify-parameters": {
              "version": "0.0.4",
              "resolved": "https://registry.npmjs.org/stringify-parameters/-/stringify-parameters-0.0.4.tgz",
              "integrity": "sha512-H3L90ERn5UPtkpO8eugnKcLgpIVlvTyUTrcLGm607AV5JDH6z0GymtNLr3gjGlP6I6NB/mxNX9QpY6jEQGLPdQ==",
              "requires": {
                "magicli": "0.0.5",
                "unpack-string": "0.0.2"
              }
            }
          }
        }
      }
    },
    "inspect-property": {
      "version": "0.0.7",
      "resolved": "https://registry.npmjs.org/inspect-property/-/inspect-property-0.0.7.tgz",
      "integrity": "sha512-/4hl49odQNw3QSik9F8OsnG8Ms/OEGlZNMxK/wf9z0F1eGSgka4uZtY9DSh1w+iZJi3T6cOnAPsi+EF3VuGZFg==",
      "requires": {
        "for-each-property": "0.0.4",
        "for-each-property-deep": "0.0.3",
        "inspect-function": "^0.4.0"
      },
      "dependencies": {
        "cliss": {
          "version": "0.0.2",
          "resolved": "https://registry.npmjs.org/cliss/-/cliss-0.0.2.tgz",
          "integrity": "sha512-6rj9pgdukjT994Md13JCUAgTk91abAKrygL9sAvmHY4F6AKMOV8ccGaxhUUfcBuyg3sundWnn3JE0Mc9W6ZYqw==",
          "requires": {
            "command-line-usage": "^4.0.1",
            "deepmerge": "^2.0.0",
            "get-stdin": "^5.0.1",
            "inspect-parameters-declaration": "0.0.9",
            "object-to-arguments": "0.0.8",
            "pipe-functions": "^1.3.0",
            "strip-ansi": "^4.0.0",
            "yargs-parser": "^7.0.0"
          },
          "dependencies": {
            "inspect-function": {
              "version": "0.2.2",
              "resolved": "https://registry.npmjs.org/inspect-function/-/inspect-function-0.2.2.tgz",
              "integrity": "sha1-hdoMUli8TDMK4yg7Z0fgdZ2QpjU=",
              "requires": {
                "split-skip": "0.0.1",
                "unpack-string": "0.0.2"
              },
              "dependencies": {
                "split-skip": {
                  "version": "0.0.1",
                  "resolved": "https://registry.npmjs.org/split-skip/-/split-skip-0.0.1.tgz",
                  "integrity": "sha1-gK2ONumOV2RUzDtmfB3SXYZejwA="
                }
              }
            },
            "inspect-parameters-declaration": {
              "version": "0.0.9",
              "resolved": "https://registry.npmjs.org/inspect-parameters-declaration/-/inspect-parameters-declaration-0.0.9.tgz",
              "integrity": "sha512-c3jrKKA1rwwrsjdGMAo2hFWV0vNe3/RKHxpE/OBt41LP3ynOVI1qmgxpZYK5SQu3jtWCyaho8L7AZzCjJ4mEUw==",
              "requires": {
                "magicli": "0.0.5",
                "split-skip": "0.0.2",
                "stringify-parameters": "0.0.4",
                "unpack-string": "0.0.2"
              }
            },
            "magicli": {
              "version": "0.0.5",
              "resolved": "https://registry.npmjs.org/magicli/-/magicli-0.0.5.tgz",
              "integrity": "sha1-zufQ+7THBRiqyxHsPrfiX/SaSSE=",
              "requires": {
                "commander": "^2.9.0",
                "get-stdin": "^5.0.1",
                "inspect-function": "^0.2.1",
                "pipe-functions": "^1.2.0"
              }
            },
            "split-skip": {
              "version": "0.0.2",
              "resolved": "https://registry.npmjs.org/split-skip/-/split-skip-0.0.2.tgz",
              "integrity": "sha1-2J2Iu9L3Pka1FYqjcKVhIk6A1GE="
            },
            "stringify-parameters": {
              "version": "0.0.4",
              "resolved": "https://registry.npmjs.org/stringify-parameters/-/stringify-parameters-0.0.4.tgz",
              "integrity": "sha512-H3L90ERn5UPtkpO8eugnKcLgpIVlvTyUTrcLGm607AV5JDH6z0GymtNLr3gjGlP6I6NB/mxNX9QpY6jEQGLPdQ==",
              "requires": {
                "magicli": "0.0.5",
                "unpack-string": "0.0.2"
              }
            }
          }
        },
        "inspect-function": {
          "version": "0.4.0",
          "resolved": "https://registry.npmjs.org/inspect-function/-/inspect-function-0.4.0.tgz",
          "integrity": "sha512-flt3YG6fiyZKLAF607DI+YM1wmPk4OFmNyzwADeAnjR42t/TxTy/wfA8s1vwyvxOYEG0Da2/uKClGhcfaNZdkw==",
          "requires": {
            "inspect-parameters-declaration": "0.0.8",
            "magicli": "0.0.8",
            "split-skip": "0.0.1",
            "stringify-parameters": "0.0.7",
            "unpack-string": "0.0.2"
          }
        },
        "inspect-parameters-declaration": {
          "version": "0.0.8",
          "resolved": "https://registry.npmjs.org/inspect-parameters-declaration/-/inspect-parameters-declaration-0.0.8.tgz",
          "integrity": "sha512-W4QzN1LgFmasKOM+NoLlDd2OAZM3enNZlVUOXoGQKmYBDFgxoPDOyebF55ALaf8avyM9TavNwibXxg347RrzCg==",
          "requires": {
            "magicli": "0.0.5",
            "split-skip": "0.0.2",
            "stringify-parameters": "0.0.4",
            "unpack-string": "0.0.2"
          },
          "dependencies": {
            "inspect-function": {
              "version": "0.2.2",
              "resolved": "https://registry.npmjs.org/inspect-function/-/inspect-function-0.2.2.tgz",
              "integrity": "sha1-hdoMUli8TDMK4yg7Z0fgdZ2QpjU=",
              "requires": {
                "split-skip": "0.0.1",
                "unpack-string": "0.0.2"
              },
              "dependencies": {
                "split-skip": {
                  "version": "0.0.1",
                  "resolved": "https://registry.npmjs.org/split-skip/-/split-skip-0.0.1.tgz",
                  "integrity": "sha1-gK2ONumOV2RUzDtmfB3SXYZejwA="
                }
              }
            },
            "magicli": {
              "version": "0.0.5",
              "resolved": "https://registry.npmjs.org/magicli/-/magicli-0.0.5.tgz",
              "integrity": "sha1-zufQ+7THBRiqyxHsPrfiX/SaSSE=",
              "requires": {
                "commander": "^2.9.0",
                "get-stdin": "^5.0.1",
                "inspect-function": "^0.2.1",
                "pipe-functions": "^1.2.0"
              }
            },
            "split-skip": {
              "version": "0.0.2",
              "resolved": "https://registry.npmjs.org/split-skip/-/split-skip-0.0.2.tgz",
              "integrity": "sha1-2J2Iu9L3Pka1FYqjcKVhIk6A1GE="
            },
            "stringify-parameters": {
              "version": "0.0.4",
              "resolved": "https://registry.npmjs.org/stringify-parameters/-/stringify-parameters-0.0.4.tgz",
              "integrity": "sha512-H3L90ERn5UPtkpO8eugnKcLgpIVlvTyUTrcLGm607AV5JDH6z0GymtNLr3gjGlP6I6NB/mxNX9QpY6jEQGLPdQ==",
              "requires": {
                "magicli": "0.0.5",
                "unpack-string": "0.0.2"
              }
            }
          }
        },
        "inspect-property": {
          "version": "0.0.6",
          "resolved": "https://registry.npmjs.org/inspect-property/-/inspect-property-0.0.6.tgz",
          "integrity": "sha512-LgjHkRl9W6bj2n+kWrAOgvCYPTYt+LanE4rtd/vKNq6yEb+SvVV7UTLzoSPpDX6/U1cAz7VfqPr+lPAIz7wHaQ==",
          "requires": {
            "for-each-property": "0.0.4",
            "for-each-property-deep": "0.0.3",
            "inspect-function": "^0.3.1"
          },
          "dependencies": {
            "inspect-function": {
              "version": "0.3.4",
              "resolved": "https://registry.npmjs.org/inspect-function/-/inspect-function-0.3.4.tgz",
              "integrity": "sha512-s0RsbJqK/sNZ+U1mykGoTickog3ea1A9Qk4mXniogOBu4PgkkZ56elScO7QC/r8D94lhGmJ2NyDI1ipOA/uq/g==",
              "requires": {
                "inspect-parameters-declaration": "0.0.8",
                "magicli": "0.0.8",
                "split-skip": "0.0.1",
                "stringify-parameters": "0.0.4",
                "unpack-string": "0.0.2"
              }
            },
            "stringify-parameters": {
              "version": "0.0.4",
              "resolved": "https://registry.npmjs.org/stringify-parameters/-/stringify-parameters-0.0.4.tgz",
              "integrity": "sha512-H3L90ERn5UPtkpO8eugnKcLgpIVlvTyUTrcLGm607AV5JDH6z0GymtNLr3gjGlP6I6NB/mxNX9QpY6jEQGLPdQ==",
              "requires": {
                "magicli": "0.0.5",
                "unpack-string": "0.0.2"
              },
              "dependencies": {
                "inspect-function": {
                  "version": "0.2.2",
                  "resolved": "https://registry.npmjs.org/inspect-function/-/inspect-function-0.2.2.tgz",
                  "integrity": "sha1-hdoMUli8TDMK4yg7Z0fgdZ2QpjU=",
                  "requires": {
                    "split-skip": "0.0.1",
                    "unpack-string": "0.0.2"
                  }
                },
                "magicli": {
                  "version": "0.0.5",
                  "resolved": "https://registry.npmjs.org/magicli/-/magicli-0.0.5.tgz",
                  "integrity": "sha1-zufQ+7THBRiqyxHsPrfiX/SaSSE=",
                  "requires": {
                    "commander": "^2.9.0",
                    "get-stdin": "^5.0.1",
                    "inspect-function": "^0.2.1",
                    "pipe-functions": "^1.2.0"
                  }
                }
              }
            }
          }
        },
        "magicli": {
          "version": "0.0.8",
          "resolved": "https://registry.npmjs.org/magicli/-/magicli-0.0.8.tgz",
          "integrity": "sha512-x/eBenweAHF+DsYy172sK4doRxZl0yrJnfxhLJiN7H6hPM3Ya0PfI6uBZshZ3ScFFSQD7HXgBqMdbnXKEZsO1g==",
          "requires": {
            "cliss": "0.0.2",
            "find-up": "^2.1.0",
            "for-each-property": "0.0.4"
          }
        },
        "object-to-arguments": {
          "version": "0.0.8",
          "resolved": "https://registry.npmjs.org/object-to-arguments/-/object-to-arguments-0.0.8.tgz",
          "integrity": "sha512-BfWfuAwuhdH1bhMG5EG90WE/eckkBhBvnke8eSEkCDXoLE9Jk5JwYGTbCx1ehGwV48HvBkn62VukPBdlMUOY9w==",
          "requires": {
            "inspect-parameters-declaration": "0.0.10",
            "magicli": "0.0.5",
            "split-skip": "0.0.2",
            "stringify-parameters": "0.0.4",
            "unpack-string": "0.0.2"
          },
          "dependencies": {
            "inspect-function": {
              "version": "0.2.2",
              "resolved": "https://registry.npmjs.org/inspect-function/-/inspect-function-0.2.2.tgz",
              "integrity": "sha1-hdoMUli8TDMK4yg7Z0fgdZ2QpjU=",
              "requires": {
                "split-skip": "0.0.1",
                "unpack-string": "0.0.2"
              },
              "dependencies": {
                "split-skip": {
                  "version": "0.0.1",
                  "resolved": "https://registry.npmjs.org/split-skip/-/split-skip-0.0.1.tgz",
                  "integrity": "sha1-gK2ONumOV2RUzDtmfB3SXYZejwA="
                }
              }
            },
            "inspect-parameters-declaration": {
              "version": "0.0.10",
              "resolved": "https://registry.npmjs.org/inspect-parameters-declaration/-/inspect-parameters-declaration-0.0.10.tgz",
              "integrity": "sha512-L8/Bvt9iDXQTZ63xY5/MAyvzz+FagR/qGh1kIXvUpsno3AAE0Z95d6QO51zrcMGaEGpwh/57idfMxTxbvRmytg==",
              "requires": {
                "magicli": "0.0.5",
                "split-skip": "0.0.2",
                "stringify-parameters": "0.0.4",
                "unpack-string": "0.0.2"
              }
            },
            "magicli": {
              "version": "0.0.5",
              "resolved": "https://registry.npmjs.org/magicli/-/magicli-0.0.5.tgz",
              "integrity": "sha1-zufQ+7THBRiqyxHsPrfiX/SaSSE=",
              "requires": {
                "commander": "^2.9.0",
                "get-stdin": "^5.0.1",
                "inspect-function": "^0.2.1",
                "pipe-functions": "^1.2.0"
              }
            },
            "split-skip": {
              "version": "0.0.2",
              "resolved": "https://registry.npmjs.org/split-skip/-/split-skip-0.0.2.tgz",
              "integrity": "sha1-2J2Iu9L3Pka1FYqjcKVhIk6A1GE="
            },
            "stringify-parameters": {
              "version": "0.0.4",
              "resolved": "https://registry.npmjs.org/stringify-parameters/-/stringify-parameters-0.0.4.tgz",
              "integrity": "sha512-H3L90ERn5UPtkpO8eugnKcLgpIVlvTyUTrcLGm607AV5JDH6z0GymtNLr3gjGlP6I6NB/mxNX9QpY6jEQGLPdQ==",
              "requires": {
                "magicli": "0.0.5",
                "unpack-string": "0.0.2"
              }
            }
          }
        },
        "split-skip": {
          "version": "0.0.1",
          "resolved": "https://registry.npmjs.org/split-skip/-/split-skip-0.0.1.tgz",
          "integrity": "sha1-gK2ONumOV2RUzDtmfB3SXYZejwA="
        }
      }
    },
    "isarray": {
      "version": "1.0.0",
      "resolved": "https://registry.npmjs.org/isarray/-/isarray-1.0.0.tgz",
      "integrity": "sha1-u5NdSFgsuhaMBoNJV6VKPgcSTxE="
    },
    "jmespath": {
      "version": "0.15.0",
      "resolved": "https://registry.npmjs.org/jmespath/-/jmespath-0.15.0.tgz",
      "integrity": "sha1-o/Iiqarp+Wb10nx5ZRDigJF2Qhc="
    },
    "locate-path": {
      "version": "2.0.0",
      "resolved": "https://registry.npmjs.org/locate-path/-/locate-path-2.0.0.tgz",
      "integrity": "sha1-K1aLJl7slExtnA3pw9u7ygNUzY4=",
      "requires": {
        "p-locate": "^2.0.0",
        "path-exists": "^3.0.0"
      }
    },
    "lodash.padend": {
      "version": "4.6.1",
      "resolved": "https://registry.npmjs.org/lodash.padend/-/lodash.padend-4.6.1.tgz",
      "integrity": "sha1-U8y6BH0G4VjTEfRdpiX05J5vFm4="
    },
    "magicli": {
      "version": "0.2.0",
      "resolved": "https://registry.npmjs.org/magicli/-/magicli-0.2.0.tgz",
      "integrity": "sha512-M53NHF80SqLbzTfq4sHqbDE10cgPJmdJUERFd/4AvueSWPkYj84jtSP03Me+KfWPpf6jL+CqPBqx0cr2x5NZlg==",
      "requires": {
        "cliss": "0.0.7",
        "find-up": "^2.1.0",
        "for-each-property": "0.0.4",
        "inspect-property": "0.0.7"
      }
    },
    "object-to-arguments": {
      "version": "0.1.0",
      "resolved": "https://registry.npmjs.org/object-to-arguments/-/object-to-arguments-0.1.0.tgz",
      "integrity": "sha512-To3khIQt4DeuRqud1hW85Ppq4aIPkVlDXebk/reGUq9+Xz3haU4DEixmqO5+TIV6sghqQ5D4aTunRQkWHQJCaA==",
      "requires": {
        "inspect-parameters-declaration": "0.1.0",
        "magicli": "0.0.5",
        "split-skip": "0.0.2",
        "stringify-parameters": "0.0.7",
        "unpack-string": "0.0.2"
      },
      "dependencies": {
        "magicli": {
          "version": "0.0.5",
          "resolved": "https://registry.npmjs.org/magicli/-/magicli-0.0.5.tgz",
          "integrity": "sha1-zufQ+7THBRiqyxHsPrfiX/SaSSE=",
          "requires": {
            "commander": "^2.9.0",
            "get-stdin": "^5.0.1",
            "inspect-function": "^0.2.1",
            "pipe-functions": "^1.2.0"
          }
        }
      }
    },
    "p-limit": {
      "version": "1.3.0",
      "resolved": "https://registry.npmjs.org/p-limit/-/p-limit-1.3.0.tgz",
      "integrity": "sha512-vvcXsLAJ9Dr5rQOPk7toZQZJApBl2K4J6dANSsEuh6QI41JYcsS/qhTGa9ErIUUgK3WNQoJYvylxvjqmiqEA9Q==",
      "requires": {
        "p-try": "^1.0.0"
      }
    },
    "p-locate": {
      "version": "2.0.0",
      "resolved": "https://registry.npmjs.org/p-locate/-/p-locate-2.0.0.tgz",
      "integrity": "sha1-IKAQOyIqcMj9OcwuWAaA893l7EM=",
      "requires": {
        "p-limit": "^1.1.0"
      }
    },
    "p-try": {
      "version": "1.0.0",
      "resolved": "https://registry.npmjs.org/p-try/-/p-try-1.0.0.tgz",
      "integrity": "sha1-y8ec26+P1CKOE/Yh8rGiN8GyB7M="
    },
    "parse-s3-bucket-key": {
      "version": "0.0.1",
      "resolved": "https://registry.npmjs.org/parse-s3-bucket-key/-/parse-s3-bucket-key-0.0.1.tgz",
      "integrity": "sha512-LqYkqubLAFzzx4VHnc6HhYwqlp24udXC3r0xBWgp963pbEKaNQNTEngygfTujxBglxMNZ8pf0BDprr/ooxEcTQ=="
    },
    "path-exists": {
      "version": "3.0.0",
      "resolved": "https://registry.npmjs.org/path-exists/-/path-exists-3.0.0.tgz",
      "integrity": "sha1-zg6+ql94yxiSXqfYENe1mwEP1RU="
    },
    "pipe-functions": {
      "version": "1.3.0",
      "resolved": "https://registry.npmjs.org/pipe-functions/-/pipe-functions-1.3.0.tgz",
      "integrity": "sha512-6Rtbp7criZRwedlvWbUYxqlqJoAlMvYHo2UcRWq79xZ54vZcaNHpVBOcWkX3ErT2aUA69tv+uiv4zKJbhD/Wgg=="
    },
    "punycode": {
      "version": "1.3.2",
      "resolved": "https://registry.npmjs.org/punycode/-/punycode-1.3.2.tgz",
      "integrity": "sha1-llOgNvt8HuQjQvIyXM7v6jkmxI0="
    },
    "querystring": {
      "version": "0.2.0",
      "resolved": "https://registry.npmjs.org/querystring/-/querystring-0.2.0.tgz",
      "integrity": "sha1-sgmEkgO7Jd+CDadW50cAWHhSFiA="
    },
    "reduce-flatten": {
      "version": "1.0.1",
      "resolved": "https://registry.npmjs.org/reduce-flatten/-/reduce-flatten-1.0.1.tgz",
      "integrity": "sha1-JYx479FT3fk8tWEjf2EYTzaW4yc="
    },
    "sax": {
      "version": "1.2.1",
      "resolved": "http://registry.npmjs.org/sax/-/sax-1.2.1.tgz",
      "integrity": "sha1-e45lYZCyKOgaZq6nSEgNgozS03o="
    },
    "split-skip": {
      "version": "0.0.2",
      "resolved": "https://registry.npmjs.org/split-skip/-/split-skip-0.0.2.tgz",
      "integrity": "sha1-2J2Iu9L3Pka1FYqjcKVhIk6A1GE="
    },
    "stringify-parameters": {
      "version": "0.0.7",
      "resolved": "https://registry.npmjs.org/stringify-parameters/-/stringify-parameters-0.0.7.tgz",
      "integrity": "sha512-kBKDav/PD7NKhgCFyD238Ba1Mt2OaBHTy5WheSUSIVuSsW7npRAyVGAiBA9HXhcp8vK2QHnNrpbkIAmebe2ppQ==",
      "requires": {
        "magicli": "0.0.8",
        "unpack-string": "0.0.2"
      },
      "dependencies": {
        "cliss": {
          "version": "0.0.2",
          "resolved": "https://registry.npmjs.org/cliss/-/cliss-0.0.2.tgz",
          "integrity": "sha512-6rj9pgdukjT994Md13JCUAgTk91abAKrygL9sAvmHY4F6AKMOV8ccGaxhUUfcBuyg3sundWnn3JE0Mc9W6ZYqw==",
          "requires": {
            "command-line-usage": "^4.0.1",
            "deepmerge": "^2.0.0",
            "get-stdin": "^5.0.1",
            "inspect-parameters-declaration": "0.0.9",
            "object-to-arguments": "0.0.8",
            "pipe-functions": "^1.3.0",
            "strip-ansi": "^4.0.0",
            "yargs-parser": "^7.0.0"
          }
        },
        "inspect-parameters-declaration": {
          "version": "0.0.9",
          "resolved": "https://registry.npmjs.org/inspect-parameters-declaration/-/inspect-parameters-declaration-0.0.9.tgz",
          "integrity": "sha512-c3jrKKA1rwwrsjdGMAo2hFWV0vNe3/RKHxpE/OBt41LP3ynOVI1qmgxpZYK5SQu3jtWCyaho8L7AZzCjJ4mEUw==",
          "requires": {
            "magicli": "0.0.5",
            "split-skip": "0.0.2",
            "unpack-string": "0.0.2"
          },
          "dependencies": {
            "magicli": {
              "version": "0.0.5",
              "resolved": "https://registry.npmjs.org/magicli/-/magicli-0.0.5.tgz",
              "integrity": "sha1-zufQ+7THBRiqyxHsPrfiX/SaSSE=",
              "requires": {
                "commander": "^2.9.0",
                "get-stdin": "^5.0.1",
                "inspect-function": "^0.2.1",
                "pipe-functions": "^1.2.0"
              }
            }
          }
        },
        "inspect-property": {
          "version": "0.0.6",
          "resolved": "https://registry.npmjs.org/inspect-property/-/inspect-property-0.0.6.tgz",
          "integrity": "sha512-LgjHkRl9W6bj2n+kWrAOgvCYPTYt+LanE4rtd/vKNq6yEb+SvVV7UTLzoSPpDX6/U1cAz7VfqPr+lPAIz7wHaQ==",
          "requires": {
            "for-each-property": "0.0.4",
            "for-each-property-deep": "0.0.3",
            "inspect-function": "^0.3.1"
          },
          "dependencies": {
            "inspect-function": {
              "version": "0.3.4",
              "resolved": "https://registry.npmjs.org/inspect-function/-/inspect-function-0.3.4.tgz",
              "integrity": "sha512-s0RsbJqK/sNZ+U1mykGoTickog3ea1A9Qk4mXniogOBu4PgkkZ56elScO7QC/r8D94lhGmJ2NyDI1ipOA/uq/g==",
              "requires": {
                "inspect-parameters-declaration": "0.0.8",
                "magicli": "0.0.8",
                "split-skip": "0.0.1",
                "stringify-parameters": "0.0.4",
                "unpack-string": "0.0.2"
              }
            },
            "inspect-parameters-declaration": {
              "version": "0.0.8",
              "resolved": "https://registry.npmjs.org/inspect-parameters-declaration/-/inspect-parameters-declaration-0.0.8.tgz",
              "integrity": "sha512-W4QzN1LgFmasKOM+NoLlDd2OAZM3enNZlVUOXoGQKmYBDFgxoPDOyebF55ALaf8avyM9TavNwibXxg347RrzCg==",
              "requires": {
                "magicli": "0.0.5",
                "split-skip": "0.0.2",
                "stringify-parameters": "0.0.4",
                "unpack-string": "0.0.2"
              },
              "dependencies": {
                "inspect-function": {
                  "version": "0.2.2",
                  "resolved": "https://registry.npmjs.org/inspect-function/-/inspect-function-0.2.2.tgz",
                  "integrity": "sha1-hdoMUli8TDMK4yg7Z0fgdZ2QpjU=",
                  "requires": {
                    "split-skip": "0.0.1",
                    "unpack-string": "0.0.2"
                  },
                  "dependencies": {
                    "split-skip": {
                      "version": "0.0.1",
                      "resolved": "https://registry.npmjs.org/split-skip/-/split-skip-0.0.1.tgz",
                      "integrity": "sha1-gK2ONumOV2RUzDtmfB3SXYZejwA="
                    }
                  }
                },
                "magicli": {
                  "version": "0.0.5",
                  "resolved": "https://registry.npmjs.org/magicli/-/magicli-0.0.5.tgz",
                  "integrity": "sha1-zufQ+7THBRiqyxHsPrfiX/SaSSE=",
                  "requires": {
                    "commander": "^2.9.0",
                    "get-stdin": "^5.0.1",
                    "inspect-function": "^0.2.1",
                    "pipe-functions": "^1.2.0"
                  }
                },
                "split-skip": {
                  "version": "0.0.2",
                  "resolved": "https://registry.npmjs.org/split-skip/-/split-skip-0.0.2.tgz",
                  "integrity": "sha1-2J2Iu9L3Pka1FYqjcKVhIk6A1GE="
                }
              }
            },
            "split-skip": {
              "version": "0.0.1",
              "resolved": "https://registry.npmjs.org/split-skip/-/split-skip-0.0.1.tgz",
              "integrity": "sha1-gK2ONumOV2RUzDtmfB3SXYZejwA="
            },
            "stringify-parameters": {
              "version": "0.0.4",
              "resolved": "https://registry.npmjs.org/stringify-parameters/-/stringify-parameters-0.0.4.tgz",
              "integrity": "sha512-H3L90ERn5UPtkpO8eugnKcLgpIVlvTyUTrcLGm607AV5JDH6z0GymtNLr3gjGlP6I6NB/mxNX9QpY6jEQGLPdQ==",
              "requires": {
                "magicli": "0.0.5",
                "unpack-string": "0.0.2"
              },
              "dependencies": {
                "inspect-function": {
                  "version": "0.2.2",
                  "resolved": "https://registry.npmjs.org/inspect-function/-/inspect-function-0.2.2.tgz",
                  "integrity": "sha1-hdoMUli8TDMK4yg7Z0fgdZ2QpjU=",
                  "requires": {
                    "split-skip": "0.0.1",
                    "unpack-string": "0.0.2"
                  }
                },
                "magicli": {
                  "version": "0.0.5",
                  "resolved": "https://registry.npmjs.org/magicli/-/magicli-0.0.5.tgz",
                  "integrity": "sha1-zufQ+7THBRiqyxHsPrfiX/SaSSE=",
                  "requires": {
                    "commander": "^2.9.0",
                    "get-stdin": "^5.0.1",
                    "inspect-function": "^0.2.1",
                    "pipe-functions": "^1.2.0"
                  }
                }
              }
            }
          }
        },
        "magicli": {
          "version": "0.0.8",
          "resolved": "https://registry.npmjs.org/magicli/-/magicli-0.0.8.tgz",
          "integrity": "sha512-x/eBenweAHF+DsYy172sK4doRxZl0yrJnfxhLJiN7H6hPM3Ya0PfI6uBZshZ3ScFFSQD7HXgBqMdbnXKEZsO1g==",
          "requires": {
            "cliss": "0.0.2",
            "find-up": "^2.1.0",
            "for-each-property": "0.0.4",
            "inspect-property": "0.0.6"
          }
        },
        "object-to-arguments": {
          "version": "0.0.8",
          "resolved": "https://registry.npmjs.org/object-to-arguments/-/object-to-arguments-0.0.8.tgz",
          "integrity": "sha512-BfWfuAwuhdH1bhMG5EG90WE/eckkBhBvnke8eSEkCDXoLE9Jk5JwYGTbCx1ehGwV48HvBkn62VukPBdlMUOY9w==",
          "requires": {
            "inspect-parameters-declaration": "0.0.10",
            "magicli": "0.0.5",
            "split-skip": "0.0.2",
            "stringify-parameters": "0.0.4",
            "unpack-string": "0.0.2"
          },
          "dependencies": {
            "inspect-parameters-declaration": {
              "version": "0.0.10",
              "resolved": "https://registry.npmjs.org/inspect-parameters-declaration/-/inspect-parameters-declaration-0.0.10.tgz",
              "integrity": "sha512-L8/Bvt9iDXQTZ63xY5/MAyvzz+FagR/qGh1kIXvUpsno3AAE0Z95d6QO51zrcMGaEGpwh/57idfMxTxbvRmytg==",
              "requires": {
                "magicli": "0.0.5",
                "split-skip": "0.0.2",
                "stringify-parameters": "0.0.4",
                "unpack-string": "0.0.2"
              }
            },
            "magicli": {
              "version": "0.0.5",
              "resolved": "https://registry.npmjs.org/magicli/-/magicli-0.0.5.tgz",
              "integrity": "sha1-zufQ+7THBRiqyxHsPrfiX/SaSSE=",
              "requires": {
                "commander": "^2.9.0",
                "get-stdin": "^5.0.1",
                "inspect-function": "^0.2.1",
                "pipe-functions": "^1.2.0"
              }
            },
            "stringify-parameters": {
              "version": "0.0.4",
              "resolved": "https://registry.npmjs.org/stringify-parameters/-/stringify-parameters-0.0.4.tgz",
              "integrity": "sha512-H3L90ERn5UPtkpO8eugnKcLgpIVlvTyUTrcLGm607AV5JDH6z0GymtNLr3gjGlP6I6NB/mxNX9QpY6jEQGLPdQ==",
              "requires": {
                "magicli": "0.0.5",
                "unpack-string": "0.0.2"
              }
            }
          }
        },
        "stringify-parameters": {
          "version": "0.0.4",
          "resolved": "https://registry.npmjs.org/stringify-parameters/-/stringify-parameters-0.0.4.tgz",
          "integrity": "sha512-H3L90ERn5UPtkpO8eugnKcLgpIVlvTyUTrcLGm607AV5JDH6z0GymtNLr3gjGlP6I6NB/mxNX9QpY6jEQGLPdQ==",
          "requires": {
            "magicli": "0.0.5",
            "unpack-string": "0.0.2"
          },
          "dependencies": {
            "magicli": {
              "version": "0.0.5",
              "resolved": "https://registry.npmjs.org/magicli/-/magicli-0.0.5.tgz",
              "integrity": "sha1-zufQ+7THBRiqyxHsPrfiX/SaSSE=",
              "requires": {
                "commander": "^2.9.0",
                "get-stdin": "^5.0.1",
                "inspect-function": "^0.2.1",
                "pipe-functions": "^1.2.0"
              }
            }
          }
        }
      }
    },
    "strip-ansi": {
      "version": "4.0.0",
      "resolved": "https://registry.npmjs.org/strip-ansi/-/strip-ansi-4.0.0.tgz",
      "integrity": "sha1-qEeQIusaw2iocTibY1JixQXuNo8=",
      "requires": {
        "ansi-regex": "^3.0.0"
      }
    },
    "table-layout": {
      "version": "0.4.4",
      "resolved": "https://registry.npmjs.org/table-layout/-/table-layout-0.4.4.tgz",
      "integrity": "sha512-uNaR3SRMJwfdp9OUr36eyEi6LLsbcTqTO/hfTsNviKsNeyMBPICJCC7QXRF3+07bAP6FRwA8rczJPBqXDc0CkQ==",
      "requires": {
        "array-back": "^2.0.0",
        "deep-extend": "~0.6.0",
        "lodash.padend": "^4.6.1",
        "typical": "^2.6.1",
        "wordwrapjs": "^3.0.0"
      }
    },
    "typical": {
      "version": "2.6.1",
      "resolved": "https://registry.npmjs.org/typical/-/typical-2.6.1.tgz",
      "integrity": "sha1-XAgOXWYcu+OCWdLnCjxyU+hziB0="
    },
    "unpack-string": {
      "version": "0.0.2",
      "resolved": "https://registry.npmjs.org/unpack-string/-/unpack-string-0.0.2.tgz",
      "integrity": "sha1-MC7PCCOLATm9Q0pNf9Z83zPKJ10="
    },
    "url": {
      "version": "0.10.3",
      "resolved": "https://registry.npmjs.org/url/-/url-0.10.3.tgz",
      "integrity": "sha1-Ah5NnHcF8hu/N9A861h2dAJ3TGQ=",
      "requires": {
        "punycode": "1.3.2",
        "querystring": "0.2.0"
      }
    },
    "uuid": {
      "version": "3.1.0",
      "resolved": "https://registry.npmjs.org/uuid/-/uuid-3.1.0.tgz",
      "integrity": "sha512-DIWtzUkw04M4k3bf1IcpS2tngXEL26YUD2M0tMDUpnUrz2hgzUBlD55a4FjdLGPvfHxS6uluGWvaVEqgBcVa+g=="
    },
    "wordwrapjs": {
      "version": "3.0.0",
      "resolved": "https://registry.npmjs.org/wordwrapjs/-/wordwrapjs-3.0.0.tgz",
      "integrity": "sha512-mO8XtqyPvykVCsrwj5MlOVWvSnCdT+C+QVbm6blradR7JExAhbkZ7hZ9A+9NUtwzSqrlUo9a67ws0EiILrvRpw==",
      "requires": {
        "reduce-flatten": "^1.0.1",
        "typical": "^2.6.1"
      }
    },
    "xml2js": {
      "version": "0.4.19",
      "resolved": "https://registry.npmjs.org/xml2js/-/xml2js-0.4.19.tgz",
      "integrity": "sha512-esZnJZJOiJR9wWKMyuvSE1y6Dq5LCuJanqhxslH2bxM6duahNZ+HMpCLhBQGZkbX6xRf8x1Y2eJlgt2q3qo49Q==",
      "requires": {
        "sax": ">=0.6.0",
        "xmlbuilder": "~9.0.1"
      }
    },
    "xmlbuilder": {
      "version": "9.0.7",
      "resolved": "http://registry.npmjs.org/xmlbuilder/-/xmlbuilder-9.0.7.tgz",
      "integrity": "sha1-Ey7mPS7FVlxVfiD0wi35rKaGsQ0="
    },
    "yargs-parser": {
      "version": "7.0.0",
      "resolved": "https://registry.npmjs.org/yargs-parser/-/yargs-parser-7.0.0.tgz",
      "integrity": "sha1-jQrELxbqVd69MyyvTEA4s+P139k=",
      "requires": {
        "camelcase": "^4.1.0"
      }
    }
  }
}
